schema: '2.0'
stages:
  DataIngestion:
    cmd: python src\Pipeline\s1_dataIngestion.py
    deps:
    - path: src\Pipeline\s1_dataIngestion.py
      hash: md5
      md5: 147a9754b54b3e550490056f9d3f2c16
      size: 1996
    outs:
    - path: Data\01_RawData\Airline.csv
      hash: md5
      md5: e968031f6686a71a8ce6e4ce64b3c34e
      size: 1089598
  DataCleaning:
    cmd: python src\Pipeline\s2_Data_Cleaning.py
    deps:
    - path: Data\01_RawData\Airline.csv
      hash: md5
      md5: e968031f6686a71a8ce6e4ce64b3c34e
      size: 1089598
    - path: src\Pipeline\s2_Data_Cleaning.py
      hash: md5
      md5: 90ce83d714aeee53082f4d2d776a2cca
      size: 5056
    outs:
    - path: Data\02_CleanedData\CleanedData.csv
      hash: md5
      md5: 1f564a134f850c9169c5f38677e39a47
      size: 688161
  RemoveOutliers:
    cmd: python src\Pipeline\s3_RemoveOutliers.py
    deps:
    - path: Data\02_CleanedData\CleanedData.csv
      hash: md5
      md5: 1f564a134f850c9169c5f38677e39a47
      size: 688161
    - path: src\Pipeline\s3_RemoveOutliers.py
      hash: md5
      md5: 3a044483c0eb7d014d6c6510c4c8f57f
      size: 1919
    outs:
    - path: Data\03_noOutlierData\noOutlierDataFile.csv
      hash: md5
      md5: 1a6e5e9e0f69ab6bc58e743ce0e26254
      size: 646439
  Encoder_N_Scaler:
    cmd: python src\Pipeline\s4_Encoding.py
    deps:
    - path: Data\03_noOutlierData\noOutlierDataFile.csv
      hash: md5
      md5: 1a6e5e9e0f69ab6bc58e743ce0e26254
      size: 646439
    - path: constants.yaml
      hash: md5
      md5: 9c8b068f1de58482f7d7fee2cd305b84
      size: 484
    - path: src\Pipeline\s4_Encoding.py
      hash: md5
      md5: 02026b9bf010e300eeb4a8dc2717ca09
      size: 4591
    outs:
    - path: Data\04_Encoded_Data\X_test.csv
      hash: md5
      md5: 225a4cc4b6d3b105e4907a2ea0043d08
      size: 496389
    - path: Data\04_Encoded_Data\X_train.csv
      hash: md5
      md5: 7bda837b0979a46e49ee8a06020ebb9f
      size: 1490479
    - path: Data\04_Encoded_Data\y_test.csv
      hash: md5
      md5: b202fe886a4f4f81a1936e48bc2eaa22
      size: 16050
    - path: Data\04_Encoded_Data\y_train.csv
      hash: md5
      md5: ce705f289c86d0f748686d546426264e
      size: 48182
  Model_Training:
    cmd: python src\Pipeline\s5_Model_Training.py
    deps:
    - path: Data\04_Encoded_Data\X_test.csv
      hash: md5
      md5: 225a4cc4b6d3b105e4907a2ea0043d08
      size: 496389
    - path: Data\04_Encoded_Data\X_train.csv
      hash: md5
      md5: 7bda837b0979a46e49ee8a06020ebb9f
      size: 1490479
    - path: Data\04_Encoded_Data\y_train.csv
      hash: md5
      md5: ce705f289c86d0f748686d546426264e
      size: 48182
    - path: constants.yaml
      hash: md5
      md5: 9c8b068f1de58482f7d7fee2cd305b84
      size: 484
    - path: modelsParams.yaml
      hash: md5
      md5: 3b506db92c2fdbd4c2094f4834106703
      size: 387
    - path: src\Pipeline\s5_Model_Training.py
      hash: md5
      md5: 69abc9cb9e90f0b919fe0e178a071d85
      size: 6682
    outs:
    - path: reports/experiment_info.json
      hash: md5
      md5: 2607b45d356271209d18e70f0440409a
      size: 82
  Register_Model:
    cmd: python src\Pipeline\s6_register_model.py
    deps:
    - path: reports/experiment_info.json
      hash: md5
      md5: 2607b45d356271209d18e70f0440409a
      size: 82
    - path: src\Pipeline\s6_register_model.py
      hash: md5
      md5: f3ba116a88b626b6a60fbbd6be089e65
      size: 2922
  stage_Transition_Model:
    cmd: python src\Pipeline\s7_stage_Transition.py
    deps:
    - path: reports/experiment_info.json
      hash: md5
      md5: 2607b45d356271209d18e70f0440409a
      size: 82
    - path: src\Pipeline\s7_stage_Transition.py
      hash: md5
      md5: 856d4485d857c1a139412f955e5d866a
      size: 2483
